
Microsoft Visual Studio Solution File, Format Version 12.00
# Visual Studio 15
VisualStudioVersion = 15.0.28307.1209
MinimumVisualStudioVersion = 10.0.40219.1
Project("{2150E333-8FDC-42A3-9474-1A3956D46DE8}") = "Services", "Services", "{1976877A-4119-43E3-9959-7368E73D34D7}"
EndProject
Project("{2150E333-8FDC-42A3-9474-1A3956D46DE8}") = "WebApps", "WebApps", "{E662F07F-0C4E-45E0-9066-B77F32495B8C}"
EndProject
Project("{2150E333-8FDC-42A3-9474-1A3956D46DE8}") = "Cadastros", "Cadastros", "{7D768326-A78C-4227-B600-14AF031A8F23}"
EndProject
Project("{2150E333-8FDC-42A3-9474-1A3956D46DE8}") = "Catalogo", "Catalogo", "{DE8596FC-847F-47EF-A4DC-A9BDD917F70A}"
EndProject
Project("{2150E333-8FDC-42A3-9474-1A3956D46DE8}") = "Core", "Core", "{E6CA91E5-0A13-4848-8BDE-A37DE3B79BB5}"
EndProject
Project("{2150E333-8FDC-42A3-9474-1A3956D46DE8}") = "Fiscal", "Fiscal", "{1EE90EB5-52B5-4AA4-8E33-A26CDA7ACA68}"
EndProject
Project("{2150E333-8FDC-42A3-9474-1A3956D46DE8}") = "Pagamentos", "Pagamentos", "{C67ED77B-9A66-44CE-97E0-55FD7E368ADA}"
EndProject
Project("{2150E333-8FDC-42A3-9474-1A3956D46DE8}") = "Vendas", "Vendas", "{96147BAC-B89A-4561-9E13-96CDA1056E24}"
EndProject
Project("{9A19103F-16F7-4668-BE54-9A1E7A4F7556}") = "NerdStore.Catalogo.Domain", "src\NerdStore.Catalogo.Domain\NerdStore.Catalogo.Domain.csproj", "{41523C1A-D061-4D5A-B84A-5C4D94D1CB58}"
EndProject
Project("{9A19103F-16F7-4668-BE54-9A1E7A4F7556}") = "NerdStore.Core", "src\NerdStore.Core\NerdStore.Core.csproj", "{24A52484-9C43-462B-94A7-9B406B1FE2C2}"
EndProject
Project("{2150E333-8FDC-42A3-9474-1A3956D46DE8}") = "Tests", "Tests", "{28FEA419-6A22-4F8C-B204-D4E05D20D2CB}"
EndProject
Project("{9A19103F-16F7-4668-BE54-9A1E7A4F7556}") = "NerdStore.Catalogo.Data", "src\NerdStore.Catalogo.Data\NerdStore.Catalogo.Data.csproj", "{08C04529-2562-4C6F-A529-C1D7803AF999}"
EndProject
Project("{9A19103F-16F7-4668-BE54-9A1E7A4F7556}") = "NerdStore.Catalogo.Domain.Tests", "tests\NerdStore.Catalogo.Domain.Tests\NerdStore.Catalogo.Domain.Tests.csproj", "{12A0F339-726A-4038-91B3-1CCE84F37365}"
EndProject
Project("{9A19103F-16F7-4668-BE54-9A1E7A4F7556}") = "NerdStore.Catalogo.Application", "src\NerdStore.Catalogo.Application\NerdStore.Catalogo.Application.csproj", "{BD81598D-7977-43F1-9DA3-115B7B1D59F2}"
EndProject
Project("{9A19103F-16F7-4668-BE54-9A1E7A4F7556}") = "NerdStore.WebApp.MVC", "src\NerdStore.WebApp.MVC\NerdStore.WebApp.MVC.csproj", "{1EE914E2-5DF8-434A-B3D3-C49919FFC246}"
EndProject
Project("{9A19103F-16F7-4668-BE54-9A1E7A4F7556}") = "NerdStore.Vendas.Domain", "src\NerdStore.Vendas.Domain\NerdStore.Vendas.Domain.csproj", "{7B2C5B7A-BB6B-46E2-9363-DDBEE9B9AC8F}"
EndProject
Project("{9A19103F-16F7-4668-BE54-9A1E7A4F7556}") = "NerdStore.Vendas.Application", "src\NerdStore.Vendas.Application\NerdStore.Vendas.Application.csproj", "{FFFA3DD5-F947-48D0-ABC4-42586CEFDC60}"
EndProject
Project("{9A19103F-16F7-4668-BE54-9A1E7A4F7556}") = "NerdStore.Vendas.Data", "src\NerdStore.Vendas.Data\NerdStore.Vendas.Data.csproj", "{FEA50C72-2E24-41F9-B4C9-A950C44BC485}"
EndProject
Project("{9A19103F-16F7-4668-BE54-9A1E7A4F7556}") = "NerdStore.Pagamentos.AntiCorruption", "src\NerdStore.Pagamentos.AntiCorruption\NerdStore.Pagamentos.AntiCorruption.csproj", "{CE82C9F6-CD81-4ACC-90F6-3F6D5912AD7E}"
EndProject
Project("{9A19103F-16F7-4668-BE54-9A1E7A4F7556}") = "NerdStore.Pagamentos.Business", "src\NerdStore.Pagamentos.Business\NerdStore.Pagamentos.Business.csproj", "{214C7208-EF43-446C-A942-93338840438A}"
EndProject
Project("{9A19103F-16F7-4668-BE54-9A1E7A4F7556}") = "NerdStore.Pagamentos.Data", "src\NerdStore.Pagamentos.Data\NerdStore.Pagamentos.Data.csproj", "{F721CF96-ADF7-4B53-9B80-DC269C20E156}"
EndProject
Project("{2150E333-8FDC-42A3-9474-1A3956D46DE8}") = "BuildingBlocks", "BuildingBlocks", "{7CE9F865-7351-4A97-929B-75A993361996}"
EndProject
Project("{FAE04EC0-301F-11D3-BF4B-00C04F79EFBC}") = "EventSourcing", "src\EventSourcing\EventSourcing.csproj", "{80836D6D-7A54-4EE7-91C2-2B183B8CD0F0}"
EndProject
Global
	GlobalSection(SolutionConfigurationPlatforms) = preSolution
		Debug|Any CPU = Debug|Any CPU
		Release|Any CPU = Release|Any CPU
	EndGlobalSection
	GlobalSection(ProjectConfigurationPlatforms) = postSolution
		{41523C1A-D061-4D5A-B84A-5C4D94D1CB58}.Debug|Any CPU.ActiveCfg = Debug|Any CPU
		{41523C1A-D061-4D5A-B84A-5C4D94D1CB58}.Debug|Any CPU.Build.0 = Debug|Any CPU
		{41523C1A-D061-4D5A-B84A-5C4D94D1CB58}.Release|Any CPU.ActiveCfg = Release|Any CPU
		{41523C1A-D061-4D5A-B84A-5C4D94D1CB58}.Release|Any CPU.Build.0 = Release|Any CPU
		{24A52484-9C43-462B-94A7-9B406B1FE2C2}.Debug|Any CPU.ActiveCfg = Debug|Any CPU
		{24A52484-9C43-462B-94A7-9B406B1FE2C2}.Debug|Any CPU.Build.0 = Debug|Any CPU
		{24A52484-9C43-462B-94A7-9B406B1FE2C2}.Release|Any CPU.ActiveCfg = Release|Any CPU
		{24A52484-9C43-462B-94A7-9B406B1FE2C2}.Release|Any CPU.Build.0 = Release|Any CPU
		{08C04529-2562-4C6F-A529-C1D7803AF999}.Debug|Any CPU.ActiveCfg = Debug|Any CPU
		{08C04529-2562-4C6F-A529-C1D7803AF999}.Debug|Any CPU.Build.0 = Debug|Any CPU
		{08C04529-2562-4C6F-A529-C1D7803AF999}.Release|Any CPU.ActiveCfg = Release|Any CPU
		{08C04529-2562-4C6F-A529-C1D7803AF999}.Release|Any CPU.Build.0 = Release|Any CPU
		{12A0F339-726A-4038-91B3-1CCE84F37365}.Debug|Any CPU.ActiveCfg = Debug|Any CPU
		{12A0F339-726A-4038-91B3-1CCE84F37365}.Debug|Any CPU.Build.0 = Debug|Any CPU
		{12A0F339-726A-4038-91B3-1CCE84F37365}.Release|Any CPU.ActiveCfg = Release|Any CPU
		{12A0F339-726A-4038-91B3-1CCE84F37365}.Release|Any CPU.Build.0 = Release|Any CPU
		{BD81598D-7977-43F1-9DA3-115B7B1D59F2}.Debug|Any CPU.ActiveCfg = Debug|Any CPU
		{BD81598D-7977-43F1-9DA3-115B7B1D59F2}.Debug|Any CPU.Build.0 = Debug|Any CPU
		{BD81598D-7977-43F1-9DA3-115B7B1D59F2}.Release|Any CPU.ActiveCfg = Release|Any CPU
		{BD81598D-7977-43F1-9DA3-115B7B1D59F2}.Release|Any CPU.Build.0 = Release|Any CPU
		{1EE914E2-5DF8-434A-B3D3-C49919FFC246}.Debug|Any CPU.ActiveCfg = Debug|Any CPU
		{1EE914E2-5DF8-434A-B3D3-C49919FFC246}.Debug|Any CPU.Build.0 = Debug|Any CPU
		{1EE914E2-5DF8-434A-B3D3-C49919FFC246}.Release|Any CPU.ActiveCfg = Release|Any CPU
		{1EE914E2-5DF8-434A-B3D3-C49919FFC246}.Release|Any CPU.Build.0 = Release|Any CPU
		{7B2C5B7A-BB6B-46E2-9363-DDBEE9B9AC8F}.Debug|Any CPU.ActiveCfg = Debug|Any CPU
		{7B2C5B7A-BB6B-46E2-9363-DDBEE9B9AC8F}.Debug|Any CPU.Build.0 = Debug|Any CPU
		{7B2C5B7A-BB6B-46E2-9363-DDBEE9B9AC8F}.Release|Any CPU.ActiveCfg = Release|Any CPU
		{7B2C5B7A-BB6B-46E2-9363-DDBEE9B9AC8F}.Release|Any CPU.Build.0 = Release|Any CPU
		{FFFA3DD5-F947-48D0-ABC4-42586CEFDC60}.Debug|Any CPU.ActiveCfg = Debug|Any CPU
		{FFFA3DD5-F947-48D0-ABC4-42586CEFDC60}.Debug|Any CPU.Build.0 = Debug|Any CPU
		{FFFA3DD5-F947-48D0-ABC4-42586CEFDC60}.Release|Any CPU.ActiveCfg = Release|Any CPU
		{FFFA3DD5-F947-48D0-ABC4-42586CEFDC60}.Release|Any CPU.Build.0 = Release|Any CPU
		{FEA50C72-2E24-41F9-B4C9-A950C44BC485}.Debug|Any CPU.ActiveCfg = Debug|Any CPU
		{FEA50C72-2E24-41F9-B4C9-A950C44BC485}.Debug|Any CPU.Build.0 = Debug|Any CPU
		{FEA50C72-2E24-41F9-B4C9-A950C44BC485}.Release|Any CPU.ActiveCfg = Release|Any CPU
		{FEA50C72-2E24-41F9-B4C9-A950C44BC485}.Release|Any CPU.Build.0 = Release|Any CPU
		{CE82C9F6-CD81-4ACC-90F6-3F6D5912AD7E}.Debug|Any CPU.ActiveCfg = Debug|Any CPU
		{CE82C9F6-CD81-4ACC-90F6-3F6D5912AD7E}.Debug|Any CPU.Build.0 = Debug|Any CPU
		{CE82C9F6-CD81-4ACC-90F6-3F6D5912AD7E}.Release|Any CPU.ActiveCfg = Release|Any CPU
		{CE82C9F6-CD81-4ACC-90F6-3F6D5912AD7E}.Release|Any CPU.Build.0 = Release|Any CPU
		{214C7208-EF43-446C-A942-93338840438A}.Debug|Any CPU.ActiveCfg = Debug|Any CPU
		{214C7208-EF43-446C-A942-93338840438A}.Debug|Any CPU.Build.0 = Debug|Any CPU
		{214C7208-EF43-446C-A942-93338840438A}.Release|Any CPU.ActiveCfg = Release|Any CPU
		{214C7208-EF43-446C-A942-93338840438A}.Release|Any CPU.Build.0 = Release|Any CPU
		{F721CF96-ADF7-4B53-9B80-DC269C20E156}.Debug|Any CPU.ActiveCfg = Debug|Any CPU
		{F721CF96-ADF7-4B53-9B80-DC269C20E156}.Debug|Any CPU.Build.0 = Debug|Any CPU
		{F721CF96-ADF7-4B53-9B80-DC269C20E156}.Release|Any CPU.ActiveCfg = Release|Any CPU
		{F721CF96-ADF7-4B53-9B80-DC269C20E156}.Release|Any CPU.Build.0 = Release|Any CPU
		{80836D6D-7A54-4EE7-91C2-2B183B8CD0F0}.Debug|Any CPU.ActiveCfg = Debug|Any CPU
		{80836D6D-7A54-4EE7-91C2-2B183B8CD0F0}.Debug|Any CPU.Build.0 = Debug|Any CPU
		{80836D6D-7A54-4EE7-91C2-2B183B8CD0F0}.Release|Any CPU.ActiveCfg = Release|Any CPU
		{80836D6D-7A54-4EE7-91C2-2B183B8CD0F0}.Release|Any CPU.Build.0 = Release|Any CPU
	EndGlobalSection
	GlobalSection(SolutionProperties) = preSolution
		HideSolutionNode = FALSE
	EndGlobalSection
	GlobalSection(NestedProjects) = preSolution
		{7D768326-A78C-4227-B600-14AF031A8F23} = {1976877A-4119-43E3-9959-7368E73D34D7}
		{DE8596FC-847F-47EF-A4DC-A9BDD917F70A} = {1976877A-4119-43E3-9959-7368E73D34D7}
		{E6CA91E5-0A13-4848-8BDE-A37DE3B79BB5} = {1976877A-4119-43E3-9959-7368E73D34D7}
		{1EE90EB5-52B5-4AA4-8E33-A26CDA7ACA68} = {1976877A-4119-43E3-9959-7368E73D34D7}
		{C67ED77B-9A66-44CE-97E0-55FD7E368ADA} = {1976877A-4119-43E3-9959-7368E73D34D7}
		{96147BAC-B89A-4561-9E13-96CDA1056E24} = {1976877A-4119-43E3-9959-7368E73D34D7}
		{41523C1A-D061-4D5A-B84A-5C4D94D1CB58} = {DE8596FC-847F-47EF-A4DC-A9BDD917F70A}
		{24A52484-9C43-462B-94A7-9B406B1FE2C2} = {E6CA91E5-0A13-4848-8BDE-A37DE3B79BB5}
		{28FEA419-6A22-4F8C-B204-D4E05D20D2CB} = {DE8596FC-847F-47EF-A4DC-A9BDD917F70A}
		{08C04529-2562-4C6F-A529-C1D7803AF999} = {DE8596FC-847F-47EF-A4DC-A9BDD917F70A}
		{12A0F339-726A-4038-91B3-1CCE84F37365} = {28FEA419-6A22-4F8C-B204-D4E05D20D2CB}
		{BD81598D-7977-43F1-9DA3-115B7B1D59F2} = {DE8596FC-847F-47EF-A4DC-A9BDD917F70A}
		{1EE914E2-5DF8-434A-B3D3-C49919FFC246} = {E662F07F-0C4E-45E0-9066-B77F32495B8C}
		{7B2C5B7A-BB6B-46E2-9363-DDBEE9B9AC8F} = {96147BAC-B89A-4561-9E13-96CDA1056E24}
		{FFFA3DD5-F947-48D0-ABC4-42586CEFDC60} = {96147BAC-B89A-4561-9E13-96CDA1056E24}
		{FEA50C72-2E24-41F9-B4C9-A950C44BC485} = {96147BAC-B89A-4561-9E13-96CDA1056E24}
		{CE82C9F6-CD81-4ACC-90F6-3F6D5912AD7E} = {C67ED77B-9A66-44CE-97E0-55FD7E368ADA}
		{214C7208-EF43-446C-A942-93338840438A} = {C67ED77B-9A66-44CE-97E0-55FD7E368ADA}
		{F721CF96-ADF7-4B53-9B80-DC269C20E156} = {C67ED77B-9A66-44CE-97E0-55FD7E368ADA}
		{80836D6D-7A54-4EE7-91C2-2B183B8CD0F0} = {7CE9F865-7351-4A97-929B-75A993361996}
	EndGlobalSection
	GlobalSection(ExtensibilityGlobals) = postSolution
		SolutionGuid = {E6A7A9D3-A2DB-47BD-AD01-969D27ABED3D}
	EndGlobalSection
EndGlobal
